
Microsoft Visual Studio Solution File, Format Version 12.00
# Visual Studio Version 16
VisualStudioVersion = 16.0.33801.447
MinimumVisualStudioVersion = 10.0.40219.1
Project("{FAE04EC0-301F-11D3-BF4B-00C04F79EFBC}") = "Proyecto-Ingenieria-Software2", "Proyecto-Ingenieria-Software2\Proyecto-Ingenieria-Software2.csproj", "{CE985CD7-AFB9-4828-8362-79C7BD0B28EE}"
EndProject
Global
	GlobalSection(SolutionConfigurationPlatforms) = preSolution
		Debug|Any CPU = Debug|Any CPU
		Release|Any CPU = Release|Any CPU
	EndGlobalSection
	GlobalSection(ProjectConfigurationPlatforms) = postSolution
		{CE985CD7-AFB9-4828-8362-79C7BD0B28EE}.Debug|Any CPU.ActiveCfg = Debug|Any CPU
		{CE985CD7-AFB9-4828-8362-79C7BD0B28EE}.Debug|Any CPU.Build.0 = Debug|Any CPU
		{CE985CD7-AFB9-4828-8362-79C7BD0B28EE}.Release|Any CPU.ActiveCfg = Release|Any CPU
		{CE985CD7-AFB9-4828-8362-79C7BD0B28EE}.Release|Any CPU.Build.0 = Release|Any CPU
	EndGlobalSection
	GlobalSection(SolutionProperties) = preSolution
		HideSolutionNode = FALSE
	EndGlobalSection
	GlobalSection(ExtensibilityGlobals) = postSolution
		SolutionGuid = {05DB13AB-E89B-4404-8F70-D808B6F86C5E}
	EndGlobalSection
EndGlobal
